
Microsoft Visual Studio Solution File, Format Version 12.00
# Visual Studio 15
VisualStudioVersion = 15.0.28307.779
MinimumVisualStudioVersion = 10.0.40219.1
Project("{8BC9CEB8-8B4A-11D0-8D11-00A0C91BC942}") = "Puzzle_15", "Assignment 1\Assignment 1.vcxproj", "{68E7E4CB-116E-43C2-A996-0C999D25AD7D}"
EndProject
Project("{8BC9CEB8-8B4A-11D0-8D11-00A0C91BC942}") = "TicTacToe", "TicTacToe\TicTacToe.vcxproj", "{DDD49F62-2E06-49C6-ACFA-D7C81947364D}"
EndProject
Project("{8BC9CEB8-8B4A-11D0-8D11-00A0C91BC942}") = "Library", "Library\Library.vcxproj", "{3E6259F7-81A9-4845-86B4-659212F3D8B9}"
EndProject
Project("{8BC9CEB8-8B4A-11D0-8D11-00A0C91BC942}") = "Tournament", "Tournament\Tournament.vcxproj", "{8B30934D-081A-4216-AC55-DEB32F8B016E}"
EndProject
Project("{8BC9CEB8-8B4A-11D0-8D11-00A0C91BC942}") = "AlgebraicExpression.c", "AlgebraicExpression.c\AlgebraicExpression.c.vcxproj", "{BA4184DD-5E5B-46AA-A159-59D5B4A27A83}"
EndProject
Project("{8BC9CEB8-8B4A-11D0-8D11-00A0C91BC942}") = "CircularQueue", "CircularQueue\CircularQueue.vcxproj", "{DFBDA0F3-8CA5-4A9E-898C-C237100AE3AD}"
EndProject
Project("{8BC9CEB8-8B4A-11D0-8D11-00A0C91BC942}") = "HashTable_Open_Addressing", "HashTable\HashTable.vcxproj", "{003D2918-3343-44C2-847A-CD5320C13EED}"
EndProject
Project("{8BC9CEB8-8B4A-11D0-8D11-00A0C91BC942}") = "HashTable_Close_Addressing", "HashTable_Close_Addressing\HashTable_Close_Addressing.vcxproj", "{9076C795-C891-4C70-82F4-CC2B12C8F170}"
EndProject
Global
	GlobalSection(SolutionConfigurationPlatforms) = preSolution
		Debug|x64 = Debug|x64
		Debug|x86 = Debug|x86
		Release|x64 = Release|x64
		Release|x86 = Release|x86
	EndGlobalSection
	GlobalSection(ProjectConfigurationPlatforms) = postSolution
		{68E7E4CB-116E-43C2-A996-0C999D25AD7D}.Debug|x64.ActiveCfg = Debug|x64
		{68E7E4CB-116E-43C2-A996-0C999D25AD7D}.Debug|x64.Build.0 = Debug|x64
		{68E7E4CB-116E-43C2-A996-0C999D25AD7D}.Debug|x86.ActiveCfg = Debug|Win32
		{68E7E4CB-116E-43C2-A996-0C999D25AD7D}.Debug|x86.Build.0 = Debug|Win32
		{68E7E4CB-116E-43C2-A996-0C999D25AD7D}.Release|x64.ActiveCfg = Release|x64
		{68E7E4CB-116E-43C2-A996-0C999D25AD7D}.Release|x64.Build.0 = Release|x64
		{68E7E4CB-116E-43C2-A996-0C999D25AD7D}.Release|x86.ActiveCfg = Release|Win32
		{68E7E4CB-116E-43C2-A996-0C999D25AD7D}.Release|x86.Build.0 = Release|Win32
		{DDD49F62-2E06-49C6-ACFA-D7C81947364D}.Debug|x64.ActiveCfg = Debug|x64
		{DDD49F62-2E06-49C6-ACFA-D7C81947364D}.Debug|x64.Build.0 = Debug|x64
		{DDD49F62-2E06-49C6-ACFA-D7C81947364D}.Debug|x86.ActiveCfg = Debug|Win32
		{DDD49F62-2E06-49C6-ACFA-D7C81947364D}.Debug|x86.Build.0 = Debug|Win32
		{DDD49F62-2E06-49C6-ACFA-D7C81947364D}.Release|x64.ActiveCfg = Release|x64
		{DDD49F62-2E06-49C6-ACFA-D7C81947364D}.Release|x64.Build.0 = Release|x64
		{DDD49F62-2E06-49C6-ACFA-D7C81947364D}.Release|x86.ActiveCfg = Release|Win32
		{DDD49F62-2E06-49C6-ACFA-D7C81947364D}.Release|x86.Build.0 = Release|Win32
		{3E6259F7-81A9-4845-86B4-659212F3D8B9}.Debug|x64.ActiveCfg = Debug|x64
		{3E6259F7-81A9-4845-86B4-659212F3D8B9}.Debug|x64.Build.0 = Debug|x64
		{3E6259F7-81A9-4845-86B4-659212F3D8B9}.Debug|x86.ActiveCfg = Debug|Win32
		{3E6259F7-81A9-4845-86B4-659212F3D8B9}.Debug|x86.Build.0 = Debug|Win32
		{3E6259F7-81A9-4845-86B4-659212F3D8B9}.Release|x64.ActiveCfg = Release|x64
		{3E6259F7-81A9-4845-86B4-659212F3D8B9}.Release|x64.Build.0 = Release|x64
		{3E6259F7-81A9-4845-86B4-659212F3D8B9}.Release|x86.ActiveCfg = Release|Win32
		{3E6259F7-81A9-4845-86B4-659212F3D8B9}.Release|x86.Build.0 = Release|Win32
		{8B30934D-081A-4216-AC55-DEB32F8B016E}.Debug|x64.ActiveCfg = Debug|x64
		{8B30934D-081A-4216-AC55-DEB32F8B016E}.Debug|x64.Build.0 = Debug|x64
		{8B30934D-081A-4216-AC55-DEB32F8B016E}.Debug|x86.ActiveCfg = Debug|Win32
		{8B30934D-081A-4216-AC55-DEB32F8B016E}.Debug|x86.Build.0 = Debug|Win32
		{8B30934D-081A-4216-AC55-DEB32F8B016E}.Release|x64.ActiveCfg = Release|x64
		{8B30934D-081A-4216-AC55-DEB32F8B016E}.Release|x64.Build.0 = Release|x64
		{8B30934D-081A-4216-AC55-DEB32F8B016E}.Release|x86.ActiveCfg = Release|Win32
		{8B30934D-081A-4216-AC55-DEB32F8B016E}.Release|x86.Build.0 = Release|Win32
		{BA4184DD-5E5B-46AA-A159-59D5B4A27A83}.Debug|x64.ActiveCfg = Debug|x64
		{BA4184DD-5E5B-46AA-A159-59D5B4A27A83}.Debug|x64.Build.0 = Debug|x64
		{BA4184DD-5E5B-46AA-A159-59D5B4A27A83}.Debug|x86.ActiveCfg = Debug|Win32
		{BA4184DD-5E5B-46AA-A159-59D5B4A27A83}.Debug|x86.Build.0 = Debug|Win32
		{BA4184DD-5E5B-46AA-A159-59D5B4A27A83}.Release|x64.ActiveCfg = Release|x64
		{BA4184DD-5E5B-46AA-A159-59D5B4A27A83}.Release|x64.Build.0 = Release|x64
		{BA4184DD-5E5B-46AA-A159-59D5B4A27A83}.Release|x86.ActiveCfg = Release|Win32
		{BA4184DD-5E5B-46AA-A159-59D5B4A27A83}.Release|x86.Build.0 = Release|Win32
		{DFBDA0F3-8CA5-4A9E-898C-C237100AE3AD}.Debug|x64.ActiveCfg = Debug|x64
		{DFBDA0F3-8CA5-4A9E-898C-C237100AE3AD}.Debug|x64.Build.0 = Debug|x64
		{DFBDA0F3-8CA5-4A9E-898C-C237100AE3AD}.Debug|x86.ActiveCfg = Debug|Win32
		{DFBDA0F3-8CA5-4A9E-898C-C237100AE3AD}.Debug|x86.Build.0 = Debug|Win32
		{DFBDA0F3-8CA5-4A9E-898C-C237100AE3AD}.Release|x64.ActiveCfg = Release|x64
		{DFBDA0F3-8CA5-4A9E-898C-C237100AE3AD}.Release|x64.Build.0 = Release|x64
		{DFBDA0F3-8CA5-4A9E-898C-C237100AE3AD}.Release|x86.ActiveCfg = Release|Win32
		{DFBDA0F3-8CA5-4A9E-898C-C237100AE3AD}.Release|x86.Build.0 = Release|Win32
		{003D2918-3343-44C2-847A-CD5320C13EED}.Debug|x64.ActiveCfg = Debug|x64
		{003D2918-3343-44C2-847A-CD5320C13EED}.Debug|x64.Build.0 = Debug|x64
		{003D2918-3343-44C2-847A-CD5320C13EED}.Debug|x86.ActiveCfg = Debug|Win32
		{003D2918-3343-44C2-847A-CD5320C13EED}.Debug|x86.Build.0 = Debug|Win32
		{003D2918-3343-44C2-847A-CD5320C13EED}.Release|x64.ActiveCfg = Release|x64
		{003D2918-3343-44C2-847A-CD5320C13EED}.Release|x64.Build.0 = Release|x64
		{003D2918-3343-44C2-847A-CD5320C13EED}.Release|x86.ActiveCfg = Release|Win32
		{003D2918-3343-44C2-847A-CD5320C13EED}.Release|x86.Build.0 = Release|Win32
		{9076C795-C891-4C70-82F4-CC2B12C8F170}.Debug|x64.ActiveCfg = Debug|x64
		{9076C795-C891-4C70-82F4-CC2B12C8F170}.Debug|x64.Build.0 = Debug|x64
		{9076C795-C891-4C70-82F4-CC2B12C8F170}.Debug|x86.ActiveCfg = Debug|Win32
		{9076C795-C891-4C70-82F4-CC2B12C8F170}.Debug|x86.Build.0 = Debug|Win32
		{9076C795-C891-4C70-82F4-CC2B12C8F170}.Release|x64.ActiveCfg = Release|x64
		{9076C795-C891-4C70-82F4-CC2B12C8F170}.Release|x64.Build.0 = Release|x64
		{9076C795-C891-4C70-82F4-CC2B12C8F170}.Release|x86.ActiveCfg = Release|Win32
		{9076C795-C891-4C70-82F4-CC2B12C8F170}.Release|x86.Build.0 = Release|Win32
	EndGlobalSection
	GlobalSection(SolutionProperties) = preSolution
		HideSolutionNode = FALSE
	EndGlobalSection
	GlobalSection(ExtensibilityGlobals) = postSolution
		SolutionGuid = {0199D588-B9D4-40F9-9079-0F3938F71B20}
	EndGlobalSection
EndGlobal
