
Microsoft Visual Studio Solution File, Format Version 12.00
# Visual Studio 15
VisualStudioVersion = 15.0.28307.779
MinimumVisualStudioVersion = 10.0.40219.1
Project("{8BC9CEB8-8B4A-11D0-8D11-00A0C91BC942}") = "Binary_Search_Tree", "Day7\Day7.vcxproj", "{7CBFC890-0CBE-46F5-B87B-65C2C6041749}"
EndProject
Project("{8BC9CEB8-8B4A-11D0-8D11-00A0C91BC942}") = "AVLTREE", "AVLTREE\AVLTREE.vcxproj", "{73D42704-7E08-4D28-B6D9-52D1E4A98462}"
EndProject
Project("{8BC9CEB8-8B4A-11D0-8D11-00A0C91BC942}") = "ThreadedBinaryTree", "ThreadedBinaryTree\ThreadedBinaryTree.vcxproj", "{0193D2CF-81A0-4152-8FC0-03B8D14CCB46}"
EndProject
Global
	GlobalSection(SolutionConfigurationPlatforms) = preSolution
		Debug|x64 = Debug|x64
		Debug|x86 = Debug|x86
		Release|x64 = Release|x64
		Release|x86 = Release|x86
	EndGlobalSection
	GlobalSection(ProjectConfigurationPlatforms) = postSolution
		{7CBFC890-0CBE-46F5-B87B-65C2C6041749}.Debug|x64.ActiveCfg = Debug|x64
		{7CBFC890-0CBE-46F5-B87B-65C2C6041749}.Debug|x64.Build.0 = Debug|x64
		{7CBFC890-0CBE-46F5-B87B-65C2C6041749}.Debug|x86.ActiveCfg = Debug|Win32
		{7CBFC890-0CBE-46F5-B87B-65C2C6041749}.Debug|x86.Build.0 = Debug|Win32
		{7CBFC890-0CBE-46F5-B87B-65C2C6041749}.Release|x64.ActiveCfg = Release|x64
		{7CBFC890-0CBE-46F5-B87B-65C2C6041749}.Release|x64.Build.0 = Release|x64
		{7CBFC890-0CBE-46F5-B87B-65C2C6041749}.Release|x86.ActiveCfg = Debug|Win32
		{7CBFC890-0CBE-46F5-B87B-65C2C6041749}.Release|x86.Build.0 = Debug|Win32
		{73D42704-7E08-4D28-B6D9-52D1E4A98462}.Debug|x64.ActiveCfg = Debug|x64
		{73D42704-7E08-4D28-B6D9-52D1E4A98462}.Debug|x64.Build.0 = Debug|x64
		{73D42704-7E08-4D28-B6D9-52D1E4A98462}.Debug|x86.ActiveCfg = Debug|Win32
		{73D42704-7E08-4D28-B6D9-52D1E4A98462}.Debug|x86.Build.0 = Debug|Win32
		{73D42704-7E08-4D28-B6D9-52D1E4A98462}.Release|x64.ActiveCfg = Release|x64
		{73D42704-7E08-4D28-B6D9-52D1E4A98462}.Release|x64.Build.0 = Release|x64
		{73D42704-7E08-4D28-B6D9-52D1E4A98462}.Release|x86.ActiveCfg = Release|Win32
		{73D42704-7E08-4D28-B6D9-52D1E4A98462}.Release|x86.Build.0 = Release|Win32
		{0193D2CF-81A0-4152-8FC0-03B8D14CCB46}.Debug|x64.ActiveCfg = Debug|x64
		{0193D2CF-81A0-4152-8FC0-03B8D14CCB46}.Debug|x64.Build.0 = Debug|x64
		{0193D2CF-81A0-4152-8FC0-03B8D14CCB46}.Debug|x86.ActiveCfg = Debug|Win32
		{0193D2CF-81A0-4152-8FC0-03B8D14CCB46}.Debug|x86.Build.0 = Debug|Win32
		{0193D2CF-81A0-4152-8FC0-03B8D14CCB46}.Release|x64.ActiveCfg = Release|x64
		{0193D2CF-81A0-4152-8FC0-03B8D14CCB46}.Release|x64.Build.0 = Release|x64
		{0193D2CF-81A0-4152-8FC0-03B8D14CCB46}.Release|x86.ActiveCfg = Release|Win32
		{0193D2CF-81A0-4152-8FC0-03B8D14CCB46}.Release|x86.Build.0 = Release|Win32
	EndGlobalSection
	GlobalSection(SolutionProperties) = preSolution
		HideSolutionNode = FALSE
	EndGlobalSection
	GlobalSection(ExtensibilityGlobals) = postSolution
		SolutionGuid = {456341E2-25A1-49EA-96B4-56E5FC5AD350}
	EndGlobalSection
EndGlobal
