
Microsoft Visual Studio Solution File, Format Version 12.00
# Visual Studio 15
VisualStudioVersion = 15.0.28307.779
MinimumVisualStudioVersion = 10.0.40219.1
Project("{8BC9CEB8-8B4A-11D0-8D11-00A0C91BC942}") = "AutomaticTypeDetection", "AutomaticTypeDetection\AutomaticTypeDetection.vcxproj", "{A177E504-1D1C-463A-BA28-F3F7457E2912}"
EndProject
Global
	GlobalSection(SolutionConfigurationPlatforms) = preSolution
		Debug|x64 = Debug|x64
		Debug|x86 = Debug|x86
		Release|x64 = Release|x64
		Release|x86 = Release|x86
	EndGlobalSection
	GlobalSection(ProjectConfigurationPlatforms) = postSolution
		{A177E504-1D1C-463A-BA28-F3F7457E2912}.Debug|x64.ActiveCfg = Debug|x64
		{A177E504-1D1C-463A-BA28-F3F7457E2912}.Debug|x64.Build.0 = Debug|x64
		{A177E504-1D1C-463A-BA28-F3F7457E2912}.Debug|x86.ActiveCfg = Debug|Win32
		{A177E504-1D1C-463A-BA28-F3F7457E2912}.Debug|x86.Build.0 = Debug|Win32
		{A177E504-1D1C-463A-BA28-F3F7457E2912}.Release|x64.ActiveCfg = Release|x64
		{A177E504-1D1C-463A-BA28-F3F7457E2912}.Release|x64.Build.0 = Release|x64
		{A177E504-1D1C-463A-BA28-F3F7457E2912}.Release|x86.ActiveCfg = Release|Win32
		{A177E504-1D1C-463A-BA28-F3F7457E2912}.Release|x86.Build.0 = Release|Win32
	EndGlobalSection
	GlobalSection(SolutionProperties) = preSolution
		HideSolutionNode = FALSE
	EndGlobalSection
	GlobalSection(ExtensibilityGlobals) = postSolution
		SolutionGuid = {B7B0D38D-D559-42CC-A51B-570978549687}
	EndGlobalSection
EndGlobal
